
Microsoft Visual Studio Solution File, Format Version 12.00
# Visual Studio Version 16
VisualStudioVersion = 16.0.30804.86
MinimumVisualStudioVersion = 10.0.40219.1
Project("{888888A0-9F3D-457C-B088-3A5042F75D52}") = "odev3", "odev3\odev3.pyproj", "{21CF4926-7F72-4B6E-BC6B-EA37CF8EF106}"
EndProject
Global
	GlobalSection(SolutionConfigurationPlatforms) = preSolution
		Debug|Any CPU = Debug|Any CPU
		Release|Any CPU = Release|Any CPU
	EndGlobalSection
	GlobalSection(ProjectConfigurationPlatforms) = postSolution
		{21CF4926-7F72-4B6E-BC6B-EA37CF8EF106}.Debug|Any CPU.ActiveCfg = Debug|Any CPU
		{21CF4926-7F72-4B6E-BC6B-EA37CF8EF106}.Release|Any CPU.ActiveCfg = Release|Any CPU
	EndGlobalSection
	GlobalSection(SolutionProperties) = preSolution
		HideSolutionNode = FALSE
	EndGlobalSection
	GlobalSection(ExtensibilityGlobals) = postSolution
		SolutionGuid = {2AA78122-288B-461F-9247-9BAE0826DAEE}
	EndGlobalSection
EndGlobal
